{
  "object": {
    "pins": [
      {
        "package": "libmecab",
        "repositoryURL": "https://github.com/trickart/libmecab.git",
        "state": {
          "branch": null,
          "revision": "efeff76a9c7e8a169bcb64f71934278d948c42bd",
          "version": "0.996.0"
        }
      },
      {
        "package": "MeCab",
        "repositoryURL": "https://github.com/trickart/MeCab.git",
        "state": {
          "branch": null,
          "revision": "3ca1adf9e2ebefb880d7b82156f2ffb98ba03c73",
          "version": "0.0.2"
        }
      }
    ]
  },
  "version": 1
}
